{
  "version": "4",
  "specifiers": {
    "npm:@2toad/profanity@^3.0.1": "3.0.1",
    "npm:@fontsource/fira-mono@5": "5.1.0",
    "npm:@fontsource/space-grotesk@^5.1.0": "5.1.0",
    "npm:@iconify-json/ri@^1.2.3": "1.2.3",
    "npm:@iconify/types@2": "2.0.0",
    "npm:@sveltejs/adapter-auto@3": "3.3.1_@sveltejs+kit@2.9.0__@sveltejs+vite-plugin-svelte@4.0.2___svelte@5.4.0____acorn@8.14.0___vite@5.4.11__svelte@5.4.0___acorn@8.14.0__vite@5.4.11_@sveltejs+vite-plugin-svelte@4.0.2__svelte@5.4.0___acorn@8.14.0__vite@5.4.11_svelte@5.4.0__acorn@8.14.0_vite@5.4.11",
    "npm:@sveltejs/kit@2": "2.9.0_@sveltejs+vite-plugin-svelte@4.0.2__svelte@5.4.0___acorn@8.14.0__vite@5.4.11_svelte@5.4.0__acorn@8.14.0_vite@5.4.11",
    "npm:@sveltejs/vite-plugin-svelte@4": "4.0.2_svelte@5.4.0__acorn@8.14.0_vite@5.4.11",
    "npm:@types/is-number@^7.0.5": "7.0.5",
    "npm:clipboard-polyfill@^4.1.1": "4.1.1",
    "npm:is-number@7": "7.0.0",
    "npm:svelte-adapter-deno@~0.9.1": "0.9.1_@sveltejs+kit@2.9.0__@sveltejs+vite-plugin-svelte@4.0.2___svelte@5.4.0____acorn@8.14.0___vite@5.4.11__svelte@5.4.0___acorn@8.14.0__vite@5.4.11_rollup@3.29.5_@sveltejs+vite-plugin-svelte@4.0.2__svelte@5.4.0___acorn@8.14.0__vite@5.4.11_svelte@5.4.0__acorn@8.14.0_vite@5.4.11",
    "npm:svelte-check@4": "4.1.0_svelte@5.4.0__acorn@8.14.0_typescript@5.7.2",
    "npm:svelte-copy@2": "2.0.0_svelte@5.4.0__acorn@8.14.0",
    "npm:svelte@5": "5.4.0_acorn@8.14.0",
    "npm:typescript@5": "5.7.2",
    "npm:valibot@^1.0.0-beta.9": "1.0.0-beta.9_typescript@5.7.2",
    "npm:vite@^5.0.3": "5.4.11"
  },
  "npm": {
    "@2toad/profanity@3.0.1": {
      "integrity": "sha512-WqAljnXnxsdUmwJT2VDTHZ6IAMgktnobLtBSdGFQYFLB1kh7q+QqzpxY4rRAWU4lSYvGUykJ+xv5wJ3IZYBuzQ=="
    },
    "@ampproject/remapping@2.3.0": {
      "integrity": "sha512-30iZtAPgz+LTIYoeivqYo853f02jBYSd5uGnGpkFV0M3xOt9aN73erkgYAmZU43x4VfqcnLxW9Kpg3R5LC4YYw==",
      "dependencies": [
        "@jridgewell/gen-mapping",
        "@jridgewell/trace-mapping"
      ]
    },
    "@esbuild/aix-ppc64@0.21.5": {
      "integrity": "sha512-1SDgH6ZSPTlggy1yI6+Dbkiz8xzpHJEVAlF/AM1tHPLsf5STom9rwtjE4hKAF20FfXXNTFqEYXyJNWh1GiZedQ=="
    },
    "@esbuild/android-arm64@0.21.5": {
      "integrity": "sha512-c0uX9VAUBQ7dTDCjq+wdyGLowMdtR/GoC2U5IYk/7D1H1JYC0qseD7+11iMP2mRLN9RcCMRcjC4YMclCzGwS/A=="
    },
    "@esbuild/android-arm@0.21.5": {
      "integrity": "sha512-vCPvzSjpPHEi1siZdlvAlsPxXl7WbOVUBBAowWug4rJHb68Ox8KualB+1ocNvT5fjv6wpkX6o/iEpbDrf68zcg=="
    },
    "@esbuild/android-x64@0.21.5": {
      "integrity": "sha512-D7aPRUUNHRBwHxzxRvp856rjUHRFW1SdQATKXH2hqA0kAZb1hKmi02OpYRacl0TxIGz/ZmXWlbZgjwWYaCakTA=="
    },
    "@esbuild/darwin-arm64@0.21.5": {
      "integrity": "sha512-DwqXqZyuk5AiWWf3UfLiRDJ5EDd49zg6O9wclZ7kUMv2WRFr4HKjXp/5t8JZ11QbQfUS6/cRCKGwYhtNAY88kQ=="
    },
    "@esbuild/darwin-x64@0.21.5": {
      "integrity": "sha512-se/JjF8NlmKVG4kNIuyWMV/22ZaerB+qaSi5MdrXtd6R08kvs2qCN4C09miupktDitvh8jRFflwGFBQcxZRjbw=="
    },
    "@esbuild/freebsd-arm64@0.21.5": {
      "integrity": "sha512-5JcRxxRDUJLX8JXp/wcBCy3pENnCgBR9bN6JsY4OmhfUtIHe3ZW0mawA7+RDAcMLrMIZaf03NlQiX9DGyB8h4g=="
    },
    "@esbuild/freebsd-x64@0.21.5": {
      "integrity": "sha512-J95kNBj1zkbMXtHVH29bBriQygMXqoVQOQYA+ISs0/2l3T9/kj42ow2mpqerRBxDJnmkUDCaQT/dfNXWX/ZZCQ=="
    },
    "@esbuild/linux-arm64@0.21.5": {
      "integrity": "sha512-ibKvmyYzKsBeX8d8I7MH/TMfWDXBF3db4qM6sy+7re0YXya+K1cem3on9XgdT2EQGMu4hQyZhan7TeQ8XkGp4Q=="
    },
    "@esbuild/linux-arm@0.21.5": {
      "integrity": "sha512-bPb5AHZtbeNGjCKVZ9UGqGwo8EUu4cLq68E95A53KlxAPRmUyYv2D6F0uUI65XisGOL1hBP5mTronbgo+0bFcA=="
    },
    "@esbuild/linux-ia32@0.21.5": {
      "integrity": "sha512-YvjXDqLRqPDl2dvRODYmmhz4rPeVKYvppfGYKSNGdyZkA01046pLWyRKKI3ax8fbJoK5QbxblURkwK/MWY18Tg=="
    },
    "@esbuild/linux-loong64@0.21.5": {
      "integrity": "sha512-uHf1BmMG8qEvzdrzAqg2SIG/02+4/DHB6a9Kbya0XDvwDEKCoC8ZRWI5JJvNdUjtciBGFQ5PuBlpEOXQj+JQSg=="
    },
    "@esbuild/linux-mips64el@0.21.5": {
      "integrity": "sha512-IajOmO+KJK23bj52dFSNCMsz1QP1DqM6cwLUv3W1QwyxkyIWecfafnI555fvSGqEKwjMXVLokcV5ygHW5b3Jbg=="
    },
    "@esbuild/linux-ppc64@0.21.5": {
      "integrity": "sha512-1hHV/Z4OEfMwpLO8rp7CvlhBDnjsC3CttJXIhBi+5Aj5r+MBvy4egg7wCbe//hSsT+RvDAG7s81tAvpL2XAE4w=="
    },
    "@esbuild/linux-riscv64@0.21.5": {
      "integrity": "sha512-2HdXDMd9GMgTGrPWnJzP2ALSokE/0O5HhTUvWIbD3YdjME8JwvSCnNGBnTThKGEB91OZhzrJ4qIIxk/SBmyDDA=="
    },
    "@esbuild/linux-s390x@0.21.5": {
      "integrity": "sha512-zus5sxzqBJD3eXxwvjN1yQkRepANgxE9lgOW2qLnmr8ikMTphkjgXu1HR01K4FJg8h1kEEDAqDcZQtbrRnB41A=="
    },
    "@esbuild/linux-x64@0.21.5": {
      "integrity": "sha512-1rYdTpyv03iycF1+BhzrzQJCdOuAOtaqHTWJZCWvijKD2N5Xu0TtVC8/+1faWqcP9iBCWOmjmhoH94dH82BxPQ=="
    },
    "@esbuild/netbsd-x64@0.21.5": {
      "integrity": "sha512-Woi2MXzXjMULccIwMnLciyZH4nCIMpWQAs049KEeMvOcNADVxo0UBIQPfSmxB3CWKedngg7sWZdLvLczpe0tLg=="
    },
    "@esbuild/openbsd-x64@0.21.5": {
      "integrity": "sha512-HLNNw99xsvx12lFBUwoT8EVCsSvRNDVxNpjZ7bPn947b8gJPzeHWyNVhFsaerc0n3TsbOINvRP2byTZ5LKezow=="
    },
    "@esbuild/sunos-x64@0.21.5": {
      "integrity": "sha512-6+gjmFpfy0BHU5Tpptkuh8+uw3mnrvgs+dSPQXQOv3ekbordwnzTVEb4qnIvQcYXq6gzkyTnoZ9dZG+D4garKg=="
    },
    "@esbuild/win32-arm64@0.21.5": {
      "integrity": "sha512-Z0gOTd75VvXqyq7nsl93zwahcTROgqvuAcYDUr+vOv8uHhNSKROyU961kgtCD1e95IqPKSQKH7tBTslnS3tA8A=="
    },
    "@esbuild/win32-ia32@0.21.5": {
      "integrity": "sha512-SWXFF1CL2RVNMaVs+BBClwtfZSvDgtL//G/smwAc5oVK/UPu2Gu9tIaRgFmYFFKrmg3SyAjSrElf0TiJ1v8fYA=="
    },
    "@esbuild/win32-x64@0.21.5": {
      "integrity": "sha512-tQd/1efJuzPC6rCFwEvLtci/xNFcTZknmXs98FYDfGE4wP9ClFV98nyKrzJKVPMhdDnjzLhdUyMX4PsQAPjwIw=="
    },
    "@fontsource/fira-mono@5.1.0": {
      "integrity": "sha512-6+nftSKApXyN0I9FC5GJuG5TUCh+in5OehtrXRIsHJvq38Pm//oA1kZZYNdXv99JYzLzJ3lzsTAavmS+xGLGDw=="
    },
    "@fontsource/space-grotesk@5.1.0": {
      "integrity": "sha512-+3p3YMn8BN7phXpKwuuAjoE8F8kpwT8kxVtL+ze9YkeRpsBIqDoCwO9pN64VPTvzYoKN+UeQ7wuesMJhqii86g=="
    },
    "@iconify-json/ri@1.2.3": {
      "integrity": "sha512-UVKofd5xkSevGd5K01pvO4NWsu+2C9spu+GxnMZUYymUiaWmpCAxtd22MFSpm6MGf0MP4GCwhDCo1Q8L8oZ9wg==",
      "dependencies": [
        "@iconify/types"
      ]
    },
    "@iconify/types@2.0.0": {
      "integrity": "sha512-+wluvCrRhXrhyOmRDJ3q8mux9JkKy5SJ/v8ol2tu4FVjyYvtEzkc/3pK15ET6RKg4b4w4BmTk1+gsCUhf21Ykg=="
    },
    "@jridgewell/gen-mapping@0.3.5": {
      "integrity": "sha512-IzL8ZoEDIBRWEzlCcRhOaCupYyN5gdIK+Q6fbFdPDg6HqX6jpkItn7DFIpW9LQzXG6Df9sA7+OKnq0qlz/GaQg==",
      "dependencies": [
        "@jridgewell/set-array",
        "@jridgewell/sourcemap-codec",
        "@jridgewell/trace-mapping"
      ]
    },
    "@jridgewell/resolve-uri@3.1.2": {
      "integrity": "sha512-bRISgCIjP20/tbWSPWMEi54QVPRZExkuD9lJL+UIxUKtwVJA8wW1Trb1jMs1RFXo1CBTNZ/5hpC9QvmKWdopKw=="
    },
    "@jridgewell/set-array@1.2.1": {
      "integrity": "sha512-R8gLRTZeyp03ymzP/6Lil/28tGeGEzhx1q2k703KGWRAI1VdvPIXdG70VJc2pAMw3NA6JKL5hhFu1sJX0Mnn/A=="
    },
    "@jridgewell/sourcemap-codec@1.5.0": {
      "integrity": "sha512-gv3ZRaISU3fjPAgNsriBRqGWQL6quFx04YMPW/zD8XMLsU32mhCCbfbO6KZFLjvYpCZ8zyDEgqsgf+PwPaM7GQ=="
    },
    "@jridgewell/trace-mapping@0.3.25": {
      "integrity": "sha512-vNk6aEwybGtawWmy/PzwnGDOjCkLWSD2wqvjGGAgOAwCGWySYXfYoxt00IJkTF+8Lb57DwOb3Aa0o9CApepiYQ==",
      "dependencies": [
        "@jridgewell/resolve-uri",
        "@jridgewell/sourcemap-codec"
      ]
    },
    "@polka/url@1.0.0-next.28": {
      "integrity": "sha512-8LduaNlMZGwdZ6qWrKlfa+2M4gahzFkprZiAt2TF8uS0qQgBizKXpXURqvTJ4WtmupWxaLqjRb2UCTe72mu+Aw=="
    },
    "@rollup/plugin-commonjs@24.1.0_rollup@3.29.5": {
      "integrity": "sha512-eSL45hjhCWI0jCCXcNtLVqM5N1JlBGvlFfY0m6oOYnLCJ6N0qEXoZql4sY2MOUArzhH4SA/qBpTxvvZp2Sc+DQ==",
      "dependencies": [
        "@rollup/pluginutils",
        "commondir",
        "estree-walker",
        "glob",
        "is-reference@1.2.1",
        "magic-string@0.27.0",
        "rollup@3.29.5"
      ]
    },
    "@rollup/plugin-json@6.1.0_rollup@3.29.5": {
      "integrity": "sha512-EGI2te5ENk1coGeADSIwZ7G2Q8CJS2sF120T7jLw4xFw9n7wIOXHo+kIYRAoVpJAN+kmqZSoO3Fp4JtoNF4ReA==",
      "dependencies": [
        "@rollup/pluginutils",
        "rollup@3.29.5"
      ]
    },
    "@rollup/plugin-node-resolve@15.3.0_rollup@3.29.5": {
      "integrity": "sha512-9eO5McEICxMzJpDW9OnMYSv4Sta3hmt7VtBFz5zR9273suNOydOyq/FrGeGy+KsTRFm8w0SLVhzig2ILFT63Ag==",
      "dependencies": [
        "@rollup/pluginutils",
        "@types/resolve",
        "deepmerge",
        "is-module",
        "resolve",
        "rollup@3.29.5"
      ]
    },
    "@rollup/pluginutils@5.1.3_rollup@3.29.5": {
      "integrity": "sha512-Pnsb6f32CD2W3uCaLZIzDmeFyQ2b8UWMFI7xtwUezpcGBDVDW6y9XgAWIlARiGAo6eNF5FK5aQTr0LFyNyqq5A==",
      "dependencies": [
        "@types/estree",
        "estree-walker",
        "picomatch",
        "rollup@3.29.5"
      ]
    },
    "@rollup/rollup-android-arm-eabi@4.28.0": {
      "integrity": "sha512-wLJuPLT6grGZsy34g4N1yRfYeouklTgPhH1gWXCYspenKYD0s3cR99ZevOGw5BexMNywkbV3UkjADisozBmpPQ=="
    },
    "@rollup/rollup-android-arm64@4.28.0": {
      "integrity": "sha512-eiNkznlo0dLmVG/6wf+Ifi/v78G4d4QxRhuUl+s8EWZpDewgk7PX3ZyECUXU0Zq/Ca+8nU8cQpNC4Xgn2gFNDA=="
    },
    "@rollup/rollup-darwin-arm64@4.28.0": {
      "integrity": "sha512-lmKx9yHsppblnLQZOGxdO66gT77bvdBtr/0P+TPOseowE7D9AJoBw8ZDULRasXRWf1Z86/gcOdpBrV6VDUY36Q=="
    },
    "@rollup/rollup-darwin-x64@4.28.0": {
      "integrity": "sha512-8hxgfReVs7k9Js1uAIhS6zq3I+wKQETInnWQtgzt8JfGx51R1N6DRVy3F4o0lQwumbErRz52YqwjfvuwRxGv1w=="
    },
    "@rollup/rollup-freebsd-arm64@4.28.0": {
      "integrity": "sha512-lA1zZB3bFx5oxu9fYud4+g1mt+lYXCoch0M0V/xhqLoGatbzVse0wlSQ1UYOWKpuSu3gyN4qEc0Dxf/DII1bhQ=="
    },
    "@rollup/rollup-freebsd-x64@4.28.0": {
      "integrity": "sha512-aI2plavbUDjCQB/sRbeUZWX9qp12GfYkYSJOrdYTL/C5D53bsE2/nBPuoiJKoWp5SN78v2Vr8ZPnB+/VbQ2pFA=="
    },
    "@rollup/rollup-linux-arm-gnueabihf@4.28.0": {
      "integrity": "sha512-WXveUPKtfqtaNvpf0iOb0M6xC64GzUX/OowbqfiCSXTdi/jLlOmH0Ba94/OkiY2yTGTwteo4/dsHRfh5bDCZ+w=="
    },
    "@rollup/rollup-linux-arm-musleabihf@4.28.0": {
      "integrity": "sha512-yLc3O2NtOQR67lI79zsSc7lk31xjwcaocvdD1twL64PK1yNaIqCeWI9L5B4MFPAVGEVjH5k1oWSGuYX1Wutxpg=="
    },
    "@rollup/rollup-linux-arm64-gnu@4.28.0": {
      "integrity": "sha512-+P9G9hjEpHucHRXqesY+3X9hD2wh0iNnJXX/QhS/J5vTdG6VhNYMxJ2rJkQOxRUd17u5mbMLHM7yWGZdAASfcg=="
    },
    "@rollup/rollup-linux-arm64-musl@4.28.0": {
      "integrity": "sha512-1xsm2rCKSTpKzi5/ypT5wfc+4bOGa/9yI/eaOLW0oMs7qpC542APWhl4A37AENGZ6St6GBMWhCCMM6tXgTIplw=="
    },
    "@rollup/rollup-linux-powerpc64le-gnu@4.28.0": {
      "integrity": "sha512-zgWxMq8neVQeXL+ouSf6S7DoNeo6EPgi1eeqHXVKQxqPy1B2NvTbaOUWPn/7CfMKL7xvhV0/+fq/Z/J69g1WAQ=="
    },
    "@rollup/rollup-linux-riscv64-gnu@4.28.0": {
      "integrity": "sha512-VEdVYacLniRxbRJLNtzwGt5vwS0ycYshofI7cWAfj7Vg5asqj+pt+Q6x4n+AONSZW/kVm+5nklde0qs2EUwU2g=="
    },
    "@rollup/rollup-linux-s390x-gnu@4.28.0": {
      "integrity": "sha512-LQlP5t2hcDJh8HV8RELD9/xlYtEzJkm/aWGsauvdO2ulfl3QYRjqrKW+mGAIWP5kdNCBheqqqYIGElSRCaXfpw=="
    },
    "@rollup/rollup-linux-x64-gnu@4.28.0": {
      "integrity": "sha512-Nl4KIzteVEKE9BdAvYoTkW19pa7LR/RBrT6F1dJCV/3pbjwDcaOq+edkP0LXuJ9kflW/xOK414X78r+K84+msw=="
    },
    "@rollup/rollup-linux-x64-musl@4.28.0": {
      "integrity": "sha512-eKpJr4vBDOi4goT75MvW+0dXcNUqisK4jvibY9vDdlgLx+yekxSm55StsHbxUsRxSTt3JEQvlr3cGDkzcSP8bw=="
    },
    "@rollup/rollup-win32-arm64-msvc@4.28.0": {
      "integrity": "sha512-Vi+WR62xWGsE/Oj+mD0FNAPY2MEox3cfyG0zLpotZdehPFXwz6lypkGs5y38Jd/NVSbOD02aVad6q6QYF7i8Bg=="
    },
    "@rollup/rollup-win32-ia32-msvc@4.28.0": {
      "integrity": "sha512-kN/Vpip8emMLn/eOza+4JwqDZBL6MPNpkdaEsgUtW1NYN3DZvZqSQrbKzJcTL6hd8YNmFTn7XGWMwccOcJBL0A=="
    },
    "@rollup/rollup-win32-x64-msvc@4.28.0": {
      "integrity": "sha512-Bvno2/aZT6usSa7lRDL2+hMjVAGjuqaymF1ApZm31JXzniR/hvr14jpU+/z4X6Gt5BPlzosscyJZGUvguXIqeQ=="
    },
    "@sveltejs/adapter-auto@3.3.1_@sveltejs+kit@2.9.0__@sveltejs+vite-plugin-svelte@4.0.2___svelte@5.4.0____acorn@8.14.0___vite@5.4.11__svelte@5.4.0___acorn@8.14.0__vite@5.4.11_@sveltejs+vite-plugin-svelte@4.0.2__svelte@5.4.0___acorn@8.14.0__vite@5.4.11_svelte@5.4.0__acorn@8.14.0_vite@5.4.11": {
      "integrity": "sha512-5Sc7WAxYdL6q9j/+D0jJKjGREGlfIevDyHSQ2eNETHcB1TKlQWHcAo8AS8H1QdjNvSXpvOwNjykDUHPEAyGgdQ==",
      "dependencies": [
        "@sveltejs/kit",
        "import-meta-resolve"
      ]
    },
    "@sveltejs/kit@2.9.0_@sveltejs+vite-plugin-svelte@4.0.2__svelte@5.4.0___acorn@8.14.0__vite@5.4.11_svelte@5.4.0__acorn@8.14.0_vite@5.4.11": {
      "integrity": "sha512-W3E7ed3ChB6kPqRs2H7tcHp+Z7oiTFC6m+lLyAQQuyXeqw6LdNuuwEUla+5VM0OGgqQD+cYD6+7Xq80vVm17Vg==",
      "dependencies": [
        "@sveltejs/vite-plugin-svelte",
        "@types/cookie",
        "cookie",
        "devalue",
        "esm-env",
        "import-meta-resolve",
        "kleur",
        "magic-string@0.30.14",
        "mrmime",
        "sade",
        "set-cookie-parser",
        "sirv",
        "svelte",
        "tiny-glob",
        "vite"
      ]
    },
    "@sveltejs/vite-plugin-svelte-inspector@3.0.1_@sveltejs+vite-plugin-svelte@4.0.2__svelte@5.4.0___acorn@8.14.0__vite@5.4.11_svelte@5.4.0__acorn@8.14.0_vite@5.4.11": {
      "integrity": "sha512-2CKypmj1sM4GE7HjllT7UKmo4Q6L5xFRd7VMGEWhYnZ+wc6AUVU01IBd7yUi6WnFndEwWoMNOd6e8UjoN0nbvQ==",
      "dependencies": [
        "@sveltejs/vite-plugin-svelte",
        "debug",
        "svelte",
        "vite"
      ]
    },
    "@sveltejs/vite-plugin-svelte@4.0.2_svelte@5.4.0__acorn@8.14.0_vite@5.4.11": {
      "integrity": "sha512-Y9r/fWy539XlAC7+5wfNJ4zH6TygUYoQ0Eegzp0zDDqhJ54+92gOyOX1l4MO1cJSx0O+Gp13YePT5XEa3+kX0w==",
      "dependencies": [
        "@sveltejs/vite-plugin-svelte-inspector",
        "debug",
        "deepmerge",
        "kleur",
        "magic-string@0.30.14",
        "svelte",
        "vite",
        "vitefu"
      ]
    },
    "@types/cookie@0.6.0": {
      "integrity": "sha512-4Kh9a6B2bQciAhf7FSuMRRkUWecJgJu9nPnx3yzpsfXX/c50REIqpHY4C82bXP90qrLtXtkDxTZosYO3UpOwlA=="
    },
    "@types/estree@1.0.6": {
      "integrity": "sha512-AYnb1nQyY49te+VRAVgmzfcgjYS91mY5P0TKUDCLEM+gNnA+3T6rWITXRLYCpahpqSQbN5cE+gHpnPyXjHWxcw=="
    },
    "@types/is-number@7.0.5": {
      "integrity": "sha512-NGmRpXeZg9qDX+AlmBeq4Xk9ruTMj0KfzspDCxTLAcpbts2EjojAvY6A1eumKHInMwGY4xHM8ILA9CHRHfUUWA=="
    },
    "@types/resolve@1.20.2": {
      "integrity": "sha512-60BCwRFOZCQhDncwQdxxeOEEkbc5dIMccYLwbxsS4TUNeVECQ/pBJ0j09mrHOl/JJvpRPGwO9SvE4nR2Nb/a4Q=="
    },
    "acorn-typescript@1.4.13_acorn@8.14.0": {
      "integrity": "sha512-xsc9Xv0xlVfwp2o7sQ+GCQ1PgbkdcpWdTzrwXxO3xDMTAywVS3oXVOcOHuRjAPkS4P9b+yc/qNF15460v+jp4Q==",
      "dependencies": [
        "acorn"
      ]
    },
    "acorn@8.14.0": {
      "integrity": "sha512-cl669nCJTZBsL97OF4kUQm5g5hC2uihk0NxY3WENAC0TYdILVkAyHymAntgxGkl7K+t0cXIrH5siy5S4XkFycA=="
    },
    "aria-query@5.3.2": {
      "integrity": "sha512-COROpnaoap1E2F000S62r6A60uHZnmlvomhfyT2DlTcrY1OrBKn2UhH7qn5wTC9zMvD0AY7csdPSNwKP+7WiQw=="
    },
    "axobject-query@4.1.0": {
      "integrity": "sha512-qIj0G9wZbMGNLjLmg1PT6v2mE9AH2zlnADJD/2tC6E00hgmhUOfEB6greHPAfLRSufHqROIUTkw6E+M3lH0PTQ=="
    },
    "balanced-match@1.0.2": {
      "integrity": "sha512-3oSeUO0TMV67hN1AmbXsK4yaqU7tjiHlbxRDZOpH0KW9+CeX4bRAaX0Anxt0tx2MrpRpWwQaPwIlISEJhYU5Pw=="
    },
    "brace-expansion@2.0.1": {
      "integrity": "sha512-XnAIvQ8eM+kC6aULx6wuQiwVsnzsi9d3WxzV3FpWTGA19F621kwdbsAcFKXgKUHZWsy+mY6iL1sHTxWEFCytDA==",
      "dependencies": [
        "balanced-match"
      ]
    },
    "chokidar@4.0.1": {
      "integrity": "sha512-n8enUVCED/KVRQlab1hr3MVpcVMvxtZjmEa956u+4YijlmQED223XMSYj2tLuKvr4jcCTzNNMpQDUer72MMmzA==",
      "dependencies": [
        "readdirp"
      ]
    },
    "clipboard-polyfill@4.1.1": {
      "integrity": "sha512-nbvNLrcX0zviek5QHLFRAaLrx8y/s8+RF2stH43tuS+kP5XlHMrcD0UGBWq43Hwp6WuuK7KefRMP56S45ibZkA=="
    },
    "commondir@1.0.1": {
      "integrity": "sha512-W9pAhw0ja1Edb5GVdIF1mjZw/ASI0AlShXM83UUGe2DVr5TdAPEA1OA8m/g8zWp9x6On7gqufY+FatDbC3MDQg=="
    },
    "cookie@0.6.0": {
      "integrity": "sha512-U71cyTamuh1CRNCfpGY6to28lxvNwPG4Guz/EVjgf3Jmzv0vlDp1atT9eS5dDjMYHucpHbWns6Lwf3BKz6svdw=="
    },
    "debug@4.3.7": {
      "integrity": "sha512-Er2nc/H7RrMXZBFCEim6TCmMk02Z8vLC2Rbi1KEBggpo0fS6l0S1nnapwmIi3yW/+GOJap1Krg4w0Hg80oCqgQ==",
      "dependencies": [
        "ms"
      ]
    },
    "deepmerge@4.3.1": {
      "integrity": "sha512-3sUqbMEc77XqpdNO7FRyRog+eW3ph+GYCbj+rK+uYyRMuwsVy0rMiVtPn+QJlKFvWP/1PYpapqYn0Me2knFn+A=="
    },
    "devalue@5.1.1": {
      "integrity": "sha512-maua5KUiapvEwiEAe+XnlZ3Rh0GD+qI1J/nb9vrJc3muPXvcF/8gXYTWF76+5DAqHyDUtOIImEuo0YKE9mshVw=="
    },
    "esbuild@0.21.5": {
      "integrity": "sha512-mg3OPMV4hXywwpoDxu3Qda5xCKQi+vCTZq8S9J/EpkhB2HzKXq4SNFZE3+NK93JYxc8VMSep+lOUSC/RVKaBqw==",
      "dependencies": [
        "@esbuild/aix-ppc64",
        "@esbuild/android-arm",
        "@esbuild/android-arm64",
        "@esbuild/android-x64",
        "@esbuild/darwin-arm64",
        "@esbuild/darwin-x64",
        "@esbuild/freebsd-arm64",
        "@esbuild/freebsd-x64",
        "@esbuild/linux-arm",
        "@esbuild/linux-arm64",
        "@esbuild/linux-ia32",
        "@esbuild/linux-loong64",
        "@esbuild/linux-mips64el",
        "@esbuild/linux-ppc64",
        "@esbuild/linux-riscv64",
        "@esbuild/linux-s390x",
        "@esbuild/linux-x64",
        "@esbuild/netbsd-x64",
        "@esbuild/openbsd-x64",
        "@esbuild/sunos-x64",
        "@esbuild/win32-arm64",
        "@esbuild/win32-ia32",
        "@esbuild/win32-x64"
      ]
    },
    "esm-env@1.2.1": {
      "integrity": "sha512-U9JedYYjCnadUlXk7e1Kr+aENQhtUaoaV9+gZm1T8LC/YBAPJx3NSPIAurFOC0U5vrdSevnUJS2/wUVxGwPhng=="
    },
    "esrap@1.2.3": {
      "integrity": "sha512-ZlQmCCK+n7SGoqo7DnfKaP1sJZa49P01/dXzmjCASSo04p72w8EksT2NMK8CEX8DhKsfJXANioIw8VyHNsBfvQ==",
      "dependencies": [
        "@jridgewell/sourcemap-codec",
        "@types/estree"
      ]
    },
    "estree-walker@2.0.2": {
      "integrity": "sha512-Rfkk/Mp/DL7JVje3u18FxFujQlTNR2q6QfMSMB7AvCBx91NGj/ba3kCfza0f6dVDbw7YlRf/nDrn7pQrCCyQ/w=="
    },
    "fdir@6.4.2": {
      "integrity": "sha512-KnhMXsKSPZlAhp7+IjUkRZKPb4fUyccpDrdFXbi4QL1qkmFh9kVY09Yox+n4MaOb3lHZ1Tv829C3oaaXoMYPDQ=="
    },
    "fs.realpath@1.0.0": {
      "integrity": "sha512-OO0pH2lK6a0hZnAdau5ItzHPI6pUlvI7jMVnxUQRtw4owF2wk8lOSabtGDCTP4Ggrg2MbGnWO9X8K1t4+fGMDw=="
    },
    "fsevents@2.3.3": {
      "integrity": "sha512-5xoDfX+fL7faATnagmWPpbFtwh/R77WmMMqqHGS65C3vvB0YHrgF+B1YmZ3441tMj5n63k0212XNoJwzlhffQw=="
    },
    "function-bind@1.1.2": {
      "integrity": "sha512-7XHNxH7qX9xG5mIwxkhumTox/MIRNcOgDrxWsMt2pAr23WHp6MrRlN7FBSFpCpr+oVO0F744iUgR82nJMfG2SA=="
    },
    "glob@8.1.0": {
      "integrity": "sha512-r8hpEjiQEYlF2QU0df3dS+nxxSIreXQS1qRhMJM0Q5NDdR386C7jb7Hwwod8Fgiuex+k0GFjgft18yvxm5XoCQ==",
      "dependencies": [
        "fs.realpath",
        "inflight",
        "inherits",
        "minimatch",
        "once"
      ]
    },
    "globalyzer@0.1.0": {
      "integrity": "sha512-40oNTM9UfG6aBmuKxk/giHn5nQ8RVz/SS4Ir6zgzOv9/qC3kKZ9v4etGTcJbEl/NyVQH7FGU7d+X1egr57Md2Q=="
    },
    "globrex@0.1.2": {
      "integrity": "sha512-uHJgbwAMwNFf5mLst7IWLNg14x1CkeqglJb/K3doi4dw6q2IvAAmM/Y81kevy83wP+Sst+nutFTYOGg3d1lsxg=="
    },
    "hasown@2.0.2": {
      "integrity": "sha512-0hJU9SCPvmMzIBdZFqNPXWa6dqh7WdH0cII9y+CyS8rG3nL48Bclra9HmKhVVUHyPWNH5Y7xDwAB7bfgSjkUMQ==",
      "dependencies": [
        "function-bind"
      ]
    },
    "import-meta-resolve@4.1.0": {
      "integrity": "sha512-I6fiaX09Xivtk+THaMfAwnA3MVA5Big1WHF1Dfx9hFuvNIWpXnorlkzhcQf6ehrqQiiZECRt1poOAkPmer3ruw=="
    },
    "inflight@1.0.6": {
      "integrity": "sha512-k92I/b08q4wvFscXCLvqfsHCrjrF7yiXsQuIVvVE7N82W3+aqpzuUdBbfhWcy/FZR3/4IgflMgKLOsvPDrGCJA==",
      "dependencies": [
        "once",
        "wrappy"
      ]
    },
    "inherits@2.0.4": {
      "integrity": "sha512-k/vGaX4/Yla3WzyMCvTQOXYeIHvqOKtnqBduzTHpzpQZzAskKMhZ2K+EnBiSM9zGSoIFeMpXKxa4dYeZIQqewQ=="
    },
    "is-core-module@2.15.1": {
      "integrity": "sha512-z0vtXSwucUJtANQWldhbtbt7BnL0vxiFjIdDLAatwhDYty2bad6s+rijD6Ri4YuYJubLzIJLUidCh09e1djEVQ==",
      "dependencies": [
        "hasown"
      ]
    },
    "is-module@1.0.0": {
      "integrity": "sha512-51ypPSPCoTEIN9dy5Oy+h4pShgJmPCygKfyRCISBI+JoWT/2oJvK8QPxmwv7b/p239jXrm9M1mlQbyKJ5A152g=="
    },
    "is-number@7.0.0": {
      "integrity": "sha512-41Cifkg6e8TylSpdtTpeLVMqvSBEVzTttHvERD741+pnZ8ANv0004MRL43QKPDlK9cGvNp6NZWZUBlbGXYxxng=="
    },
    "is-reference@1.2.1": {
      "integrity": "sha512-U82MsXXiFIrjCK4otLT+o2NA2Cd2g5MLoOVXUZjIOhLurrRxpEXzI8O0KZHr3IjLvlAH1kTPYSuqer5T9ZVBKQ==",
      "dependencies": [
        "@types/estree"
      ]
    },
    "is-reference@3.0.3": {
      "integrity": "sha512-ixkJoqQvAP88E6wLydLGGqCJsrFUnqoH6HnaczB8XmDH1oaWU+xxdptvikTgaEhtZ53Ky6YXiBuUI2WXLMCwjw==",
      "dependencies": [
        "@types/estree"
      ]
    },
    "kleur@4.1.5": {
      "integrity": "sha512-o+NO+8WrRiQEE4/7nwRJhN1HWpVmJm511pBHUxPLtp0BUISzlBplORYSmTclCnJvQq2tKu/sgl3xVpkc7ZWuQQ=="
    },
    "locate-character@3.0.0": {
      "integrity": "sha512-SW13ws7BjaeJ6p7Q6CO2nchbYEc3X3J6WrmTTDto7yMPqVSZTUyY5Tjbid+Ab8gLnATtygYtiDIJGQRRn2ZOiA=="
    },
    "magic-string@0.27.0": {
      "integrity": "sha512-8UnnX2PeRAPZuN12svgR9j7M1uWMovg/CEnIwIG0LFkXSJJe4PdfUGiTGl8V9bsBHFUtfVINcSyYxd7q+kx9fA==",
      "dependencies": [
        "@jridgewell/sourcemap-codec"
      ]
    },
    "magic-string@0.30.14": {
      "integrity": "sha512-5c99P1WKTed11ZC0HMJOj6CDIue6F8ySu+bJL+85q1zBEIY8IklrJ1eiKC2NDRh3Ct3FcvmJPyQHb9erXMTJNw==",
      "dependencies": [
        "@jridgewell/sourcemap-codec"
      ]
    },
    "minimatch@5.1.6": {
      "integrity": "sha512-lKwV/1brpG6mBUFHtb7NUmtABCb2WZZmm2wNiOA5hAb8VdCS4B3dtMWyvcoViccwAW/COERjXLt0zP1zXUN26g==",
      "dependencies": [
        "brace-expansion"
      ]
    },
    "mri@1.2.0": {
      "integrity": "sha512-tzzskb3bG8LvYGFF/mDTpq3jpI6Q9wc3LEmBaghu+DdCssd1FakN7Bc0hVNmEyGq1bq3RgfkCb3cmQLpNPOroA=="
    },
    "mrmime@2.0.0": {
      "integrity": "sha512-eu38+hdgojoyq63s+yTpN4XMBdt5l8HhMhc4VKLO9KM5caLIBvUm4thi7fFaxyTmCKeNnXZ5pAlBwCUnhA09uw=="
    },
    "ms@2.1.3": {
      "integrity": "sha512-6FlzubTLZG3J2a/NVCAleEhjzq5oxgHyaCU9yYXvcLsvoVaHJq/s5xXI6/XXP6tz7R9xAOtHnSO/tXtF3WRTlA=="
    },
    "nanoid@3.3.8": {
      "integrity": "sha512-WNLf5Sd8oZxOm+TzppcYk8gVOgP+l58xNy58D0nbUnOxOWRWvlcCV4kUF7ltmI6PsrLl/BgKEyS4mqsGChFN0w=="
    },
    "once@1.4.0": {
      "integrity": "sha512-lNaJgI+2Q5URQBkccEKHTQOPaXdUxnZZElQTZY0MFUAuaEqe1E+Nyvgdz/aIyNi6Z9MzO5dv1H8n58/GELp3+w==",
      "dependencies": [
        "wrappy"
      ]
    },
    "path-parse@1.0.7": {
      "integrity": "sha512-LDJzPVEEEPR+y48z93A0Ed0yXb8pAByGWo/k5YYdYgpY2/2EsOsksJrq7lOHxryrVOn1ejG6oAp8ahvOIQD8sw=="
    },
    "picocolors@1.1.1": {
      "integrity": "sha512-xceH2snhtb5M9liqDsmEw56le376mTZkEX/jEb/RxNFyegNul7eNslCXP9FDj/Lcu0X8KEyMceP2ntpaHrDEVA=="
    },
    "picomatch@4.0.2": {
      "integrity": "sha512-M7BAV6Rlcy5u+m6oPhAPFgJTzAioX/6B0DxyvDlo9l8+T3nLKbrczg2WLUyzd45L8RqfUMyGPzekbMvX2Ldkwg=="
    },
    "postcss@8.4.49": {
      "integrity": "sha512-OCVPnIObs4N29kxTjzLfUryOkvZEq+pf8jTF0lg8E7uETuWHA+v7j3c/xJmiqpX450191LlmZfUKkXxkTry7nA==",
      "dependencies": [
        "nanoid",
        "picocolors",
        "source-map-js"
      ]
    },
    "readdirp@4.0.2": {
      "integrity": "sha512-yDMz9g+VaZkqBYS/ozoBJwaBhTbZo3UNYQHNRw1D3UFQB8oHB4uS/tAODO+ZLjGWmUbKnIlOWO+aaIiAxrUWHA=="
    },
    "resolve@1.22.8": {
      "integrity": "sha512-oKWePCxqpd6FlLvGV1VU0x7bkPmmCNolxzjMf4NczoDnQcIWrAF+cPtZn5i6n+RfD2d9i0tzpKnG6Yk168yIyw==",
      "dependencies": [
        "is-core-module",
        "path-parse",
        "supports-preserve-symlinks-flag"
      ]
    },
    "rollup@3.29.5": {
      "integrity": "sha512-GVsDdsbJzzy4S/v3dqWPJ7EfvZJfCHiDqe80IyrF59LYuP+e6U1LJoUqeuqRbwAWoMNoXivMNeNAOf5E22VA1w==",
      "dependencies": [
        "fsevents"
      ]
    },
    "rollup@4.28.0": {
      "integrity": "sha512-G9GOrmgWHBma4YfCcX8PjH0qhXSdH8B4HDE2o4/jaxj93S4DPCIDoLcXz99eWMji4hB29UFCEd7B2gwGJDR9cQ==",
      "dependencies": [
        "@rollup/rollup-android-arm-eabi",
        "@rollup/rollup-android-arm64",
        "@rollup/rollup-darwin-arm64",
        "@rollup/rollup-darwin-x64",
        "@rollup/rollup-freebsd-arm64",
        "@rollup/rollup-freebsd-x64",
        "@rollup/rollup-linux-arm-gnueabihf",
        "@rollup/rollup-linux-arm-musleabihf",
        "@rollup/rollup-linux-arm64-gnu",
        "@rollup/rollup-linux-arm64-musl",
        "@rollup/rollup-linux-powerpc64le-gnu",
        "@rollup/rollup-linux-riscv64-gnu",
        "@rollup/rollup-linux-s390x-gnu",
        "@rollup/rollup-linux-x64-gnu",
        "@rollup/rollup-linux-x64-musl",
        "@rollup/rollup-win32-arm64-msvc",
        "@rollup/rollup-win32-ia32-msvc",
        "@rollup/rollup-win32-x64-msvc",
        "@types/estree",
        "fsevents"
      ]
    },
    "sade@1.8.1": {
      "integrity": "sha512-xal3CZX1Xlo/k4ApwCFrHVACi9fBqJ7V+mwhBsuf/1IOKbBy098Fex+Wa/5QMubw09pSZ/u8EY8PWgevJsXp1A==",
      "dependencies": [
        "mri"
      ]
    },
    "set-cookie-parser@2.7.1": {
      "integrity": "sha512-IOc8uWeOZgnb3ptbCURJWNjWUPcO3ZnTTdzsurqERrP6nPyv+paC55vJM0LpOlT2ne+Ix+9+CRG1MNLlyZ4GjQ=="
    },
    "sirv@3.0.0": {
      "integrity": "sha512-BPwJGUeDaDCHihkORDchNyyTvWFhcusy1XMmhEVTQTwGeybFbp8YEmB+njbPnth1FibULBSBVwCQni25XlCUDg==",
      "dependencies": [
        "@polka/url",
        "mrmime",
        "totalist"
      ]
    },
    "source-map-js@1.2.1": {
      "integrity": "sha512-UXWMKhLOwVKb728IUtQPXxfYU+usdybtUrK/8uGE8CQMvrhOpwvzDBwj0QhSL7MQc7vIsISBG8VQ8+IDQxpfQA=="
    },
    "supports-preserve-symlinks-flag@1.0.0": {
      "integrity": "sha512-ot0WnXS9fgdkgIcePe6RHNk1WA8+muPa6cSjeR3V8K27q9BB1rTE3R1p7Hv0z1ZyAc8s6Vvv8DIyWf681MAt0w=="
    },
    "svelte-adapter-deno@0.9.1_@sveltejs+kit@2.9.0__@sveltejs+vite-plugin-svelte@4.0.2___svelte@5.4.0____acorn@8.14.0___vite@5.4.11__svelte@5.4.0___acorn@8.14.0__vite@5.4.11_rollup@3.29.5_@sveltejs+vite-plugin-svelte@4.0.2__svelte@5.4.0___acorn@8.14.0__vite@5.4.11_svelte@5.4.0__acorn@8.14.0_vite@5.4.11": {
      "integrity": "sha512-oW9hsUPEKNDE7dtcVgFDe6EM/YogSjbcq3abKdaRdcu/meHFGQulgJp/7Jep0pGGA051wIyvq5Ry3yZuWaQc8w==",
      "dependencies": [
        "@rollup/plugin-commonjs",
        "@rollup/plugin-json",
        "@rollup/plugin-node-resolve",
        "@sveltejs/kit",
        "rollup@3.29.5"
      ]
    },
    "svelte-check@4.1.0_svelte@5.4.0__acorn@8.14.0_typescript@5.7.2": {
      "integrity": "sha512-AflEZYqI578KuDZcpcorPSf597LStxlkN7XqXi38u09zlHODVKd7c+7OuubGzbhgGRUqNTdQCZ+Ga96iRXEf2g==",
      "dependencies": [
        "@jridgewell/trace-mapping",
        "chokidar",
        "fdir",
        "picocolors",
        "sade",
        "svelte",
        "typescript"
      ]
    },
    "svelte-copy@2.0.0_svelte@5.4.0__acorn@8.14.0": {
      "integrity": "sha512-wJ784qrc9CF7EtrlT2kwJfHnqae/pp4fkgzYeUxex4iFBm6HosT2904t5cZZ1GAZzg/z9V+lCZVP5rpiYsN6Tw==",
      "dependencies": [
        "svelte"
      ]
    },
    "svelte@5.4.0_acorn@8.14.0": {
      "integrity": "sha512-2I/mjD8cXDpKfdfUK+T6yo/OzugMXIm8lhyJUFM5F/gICMYnkl3C/+4cOSpia8TqpDsi6Qfm5+fdmBNMNmaf2g==",
      "dependencies": [
        "@ampproject/remapping",
        "@jridgewell/sourcemap-codec",
        "@types/estree",
        "acorn",
        "acorn-typescript",
        "aria-query",
        "axobject-query",
        "esm-env",
        "esrap",
        "is-reference@3.0.3",
        "locate-character",
        "magic-string@0.30.14",
        "zimmerframe"
      ]
    },
    "tiny-glob@0.2.9": {
      "integrity": "sha512-g/55ssRPUjShh+xkfx9UPDXqhckHEsHr4Vd9zX55oSdGZc/MD0m3sferOkwWtp98bv+kcVfEHtRJgBVJzelrzg==",
      "dependencies": [
        "globalyzer",
        "globrex"
      ]
    },
    "totalist@3.0.1": {
      "integrity": "sha512-sf4i37nQ2LBx4m3wB74y+ubopq6W/dIzXg0FDGjsYnZHVa1Da8FH853wlL2gtUhg+xJXjfk3kUZS3BRoQeoQBQ=="
    },
    "typescript@5.7.2": {
      "integrity": "sha512-i5t66RHxDvVN40HfDd1PsEThGNnlMCMT3jMUuoh9/0TaqWevNontacunWyN02LA9/fIbEWlcHZcgTKb9QoaLfg=="
    },
    "valibot@1.0.0-beta.9_typescript@5.7.2": {
      "integrity": "sha512-yEX8gMAZ2R1yI2uwOO4NCtVnJQx36zn3vD0omzzj9FhcoblvPukENIiRZXKZwCnqSeV80bMm8wNiGhQ0S8fiww==",
      "dependencies": [
        "typescript"
      ]
    },
    "vite@5.4.11": {
      "integrity": "sha512-c7jFQRklXua0mTzneGW9QVyxFjUgwcihC4bXEtujIo2ouWCe1Ajt/amn2PCxYnhYfd5k09JX3SB7OYWFKYqj8Q==",
      "dependencies": [
        "esbuild",
        "fsevents",
        "postcss",
        "rollup@4.28.0"
      ]
    },
    "vitefu@1.0.4_vite@5.4.11": {
      "integrity": "sha512-y6zEE3PQf6uu/Mt6DTJ9ih+kyJLr4XcSgHR2zUkM8SWDhuixEJxfJ6CZGMHh1Ec3vPLoEA0IHU5oWzVqw8ulow==",
      "dependencies": [
        "vite"
      ]
    },
    "wrappy@1.0.2": {
      "integrity": "sha512-l4Sp/DRseor9wL6EvV2+TuQn63dMkPjZ/sp9XkghTEbV9KlPS1xUsZ3u7/IQO4wxtcFB4bgpQPRcR3QCvezPcQ=="
    },
    "zimmerframe@1.1.2": {
      "integrity": "sha512-rAbqEGa8ovJy4pyBxZM70hg4pE6gDgaQ0Sl9M3enG3I0d6H4XSAM3GeNGLKnsBpuijUow064sf7ww1nutC5/3w=="
    }
  },
  "workspace": {
    "packageJson": {
      "dependencies": [
        "npm:@2toad/profanity@^3.0.1",
        "npm:@fontsource/fira-mono@5",
        "npm:@fontsource/space-grotesk@^5.1.0",
        "npm:@iconify-json/ri@^1.2.3",
        "npm:@iconify/types@2",
        "npm:@sveltejs/adapter-auto@3",
        "npm:@sveltejs/kit@2",
        "npm:@sveltejs/vite-plugin-svelte@4",
        "npm:@types/is-number@^7.0.5",
        "npm:clipboard-polyfill@^4.1.1",
        "npm:is-number@7",
        "npm:svelte-adapter-deno@~0.9.1",
        "npm:svelte-check@4",
        "npm:svelte-copy@2",
        "npm:svelte@5",
        "npm:typescript@5",
        "npm:valibot@^1.0.0-beta.9",
        "npm:vite@^5.0.3"
      ]
    }
  }
}
